
Microsoft Visual Studio Solution File, Format Version 12.00
# Visual Studio Version 17
VisualStudioVersion = 17.12.35728.132 d17.12
MinimumVisualStudioVersion = 10.0.40219.1
Project("{888888A0-9F3D-457C-B088-3A5042F75D52}") = "ChernyshovaBottleWebProject_lr2", "ChernyshovaBottleWebProject_lr2\ChernyshovaBottleWebProject_lr2.pyproj", "{AAFE20FC-408C-4E26-B28A-B2DD743D7646}"
EndProject
Global
	GlobalSection(SolutionConfigurationPlatforms) = preSolution
		Debug|Any CPU = Debug|Any CPU
		Release|Any CPU = Release|Any CPU
	EndGlobalSection
	GlobalSection(ProjectConfigurationPlatforms) = postSolution
		{AAFE20FC-408C-4E26-B28A-B2DD743D7646}.Debug|Any CPU.ActiveCfg = Debug|Any CPU
		{AAFE20FC-408C-4E26-B28A-B2DD743D7646}.Debug|Any CPU.Build.0 = Debug|Any CPU
		{AAFE20FC-408C-4E26-B28A-B2DD743D7646}.Release|Any CPU.ActiveCfg = Release|Any CPU
		{AAFE20FC-408C-4E26-B28A-B2DD743D7646}.Release|Any CPU.Build.0 = Release|Any CPU
	EndGlobalSection
	GlobalSection(SolutionProperties) = preSolution
		HideSolutionNode = FALSE
	EndGlobalSection
EndGlobal
